// !$*UTF8*$!
{
	archiveVersion = 1;
	classes = {
	};
	objectVersion = 46;
	objects = {

/* Begin PBXBuildFile section */
		A70AFA971C6F4D9E0096BB36 /* AppDelegate.swift in Sources */ = {isa = PBXBuildFile; fileRef = A70AFA961C6F4D9E0096BB36 /* AppDelegate.swift */; };
		A70AFA991C6F4D9E0096BB36 /* ViewController.swift in Sources */ = {isa = PBXBuildFile; fileRef = A70AFA981C6F4D9E0096BB36 /* ViewController.swift */; };
		A70AFA9C1C6F4D9E0096BB36 /* Main.storyboard in Resources */ = {isa = PBXBuildFile; fileRef = A70AFA9A1C6F4D9E0096BB36 /* Main.storyboard */; };
		A70AFA9E1C6F4D9E0096BB36 /* Assets.xcassets in Resources */ = {isa = PBXBuildFile; fileRef = A70AFA9D1C6F4D9E0096BB36 /* Assets.xcassets */; };
		A70AFAA11C6F4D9E0096BB36 /* LaunchScreen.storyboard in Resources */ = {isa = PBXBuildFile; fileRef = A70AFA9F1C6F4D9E0096BB36 /* LaunchScreen.storyboard */; };
/* End PBXBuildFile section */

/* Begin PBXFileReference section */
		A70AFA931C6F4D9E0096BB36 /* SamplePopup.app */ = {isa = PBXFileReference; explicitFileType = wrapper.application; includeInIndex = 0; path = SamplePopup.app; sourceTree = BUILT_PRODUCTS_DIR; };
		A70AFA961C6F4D9E0096BB36 /* AppDelegate.swift */ = {isa = PBXFileReference; lastKnownFileType = sourcecode.swift; path = AppDelegate.swift; sourceTree = "<group>"; };
		A70AFA981C6F4D9E0096BB36 /* ViewController.swift */ = {isa = PBXFileReference; lastKnownFileType = sourcecode.swift; path = ViewController.swift; sourceTree = "<group>"; };
		A70AFA9B1C6F4D9E0096BB36 /* Base */ = {isa = PBXFileReference; lastKnownFileType = file.storyboard; name = Base; path = Base.lproj/Main.storyboard; sourceTree = "<group>"; };
		A70AFA9D1C6F4D9E0096BB36 /* Assets.xcassets */ = {isa = PBXFileReference; lastKnownFileType = folder.assetcatalog; path = Assets.xcassets; sourceTree = "<group>"; };
		A70AFAA01C6F4D9E0096BB36 /* Base */ = {isa = PBXFileReference; lastKnownFileType = file.storyboard; name = Base; path = Base.lproj/LaunchScreen.storyboard; sourceTree = "<group>"; };
		A70AFAA21C6F4D9E0096BB36 /* Info.plist */ = {isa = PBXFileReference; lastKnownFileType = text.plist.xml; path = Info.plist; sourceTree = "<group>"; };
/* End PBXFileReference section */

/* Begin PBXFrameworksBuildPhase section */
		A70AFA901C6F4D9E0096BB36 /* Frameworks */ = {
			isa = PBXFrameworksBuildPhase;
			buildActionMask = 2147483647;
			files = (
			);
			runOnlyForDeploymentPostprocessing = 0;
		};
/* End PBXFrameworksBuildPhase section */

/* Begin PBXGroup section */
		A70AFA8A1C6F4D9E0096BB36 = {
			isa = PBXGroup;
			children = (
				A70AFA951C6F4D9E0096BB36 /* SamplePopup */,
				A70AFA941C6F4D9E0096BB36 /* Products */,
			);
			sourceTree = "<group>";
		};
		A70AFA941C6F4D9E0096BB36 /* Products */ = {
			isa = PBXGroup;
			children = (
				A70AFA931C6F4D9E0096BB36 /* SamplePopup.app */,
			);
			name = Products;
			sourceTree = "<group>";
		};
		A70AFA951C6F4D9E0096BB36 /* SamplePopup */ = {
			isa = PBXGroup;
			children = (
				A70AFA961C6F4D9E0096BB36 /* AppDelegate.swift */,
				A70AFA981C6F4D9E0096BB36 /* ViewController.swift */,
				A70AFA9A1C6F4D9E0096BB36 /* Main.storyboard */,
				A70AFA9D1C6F4D9E0096BB36 /* Assets.xcassets */,
				A70AFA9F1C6F4D9E0096BB36 /* LaunchScreen.storyboard */,
				A70AFAA21C6F4D9E0096BB36 /* Info.plist */,
			);
			path = SamplePopup;
			sourceTree = "<group>";
		};
/* End PBXGroup section */

/* Begin PBXNativeTarget section */
		A70AFA921C6F4D9E0096BB36 /* SamplePopup */ = {
			isa = PBXNativeTarget;
			buildConfigurationList = A70AFAA51C6F4D9E0096BB36 /* Build configuration list for PBXNativeTarget "SamplePopup" */;
			buildPhases = (
				A70AFA8F1C6F4D9E0096BB36 /* Sources */,
				A70AFA901C6F4D9E0096BB36 /* Frameworks */,
				A70AFA911C6F4D9E0096BB36 /* Resources */,
			);
			buildRules = (
			);
			dependencies = (
			);
			name = SamplePopup;
			productName = SamplePopup;
			productReference = A70AFA931C6F4D9E0096BB36 /* SamplePopup.app */;
			productType = "com.apple.product-type.application";
		};
/* End PBXNativeTarget section */

/* Begin PBXProject section */
		A70AFA8B1C6F4D9E0096BB36 /* Project object */ = {
			isa = PBXProject;
			attributes = {
				LastSwiftUpdateCheck = 0720;
				LastUpgradeCheck = 0720;
				ORGANIZATIONNAME = self;
				TargetAttributes = {
					A70AFA921C6F4D9E0096BB36 = {
						CreatedOnToolsVersion = 7.2.1;
					};
				};
			};
			buildConfigurationList = A70AFA8E1C6F4D9E0096BB36 /* Build configuration list for PBXProject "SamplePopup" */;
			compatibilityVersion = "Xcode 3.2";
			developmentRegion = English;
			hasScannedForEncodings = 0;
			knownRegions = (
				en,
				Base,
			);
			mainGroup = A70AFA8A1C6F4D9E0096BB36;
			productRefGroup = A70AFA941C6F4D9E0096BB36 /* Products */;
			projectDirPath = "";
			projectRoot = "";
			targets = (
				A70AFA921C6F4D9E0096BB36 /* SamplePopup */,
			);
		};
/* End PBXProject section */

/* Begin PBXResourcesBuildPhase section */
		A70AFA911C6F4D9E0096BB36 /* Resources */ = {
			isa = PBXResourcesBuildPhase;
			buildActionMask = 2147483647;
			files = (
				A70AFAA11C6F4D9E0096BB36 /* LaunchScreen.storyboard in Resources */,
				A70AFA9E1C6F4D9E0096BB36 /* Assets.xcassets in Resources */,
				A70AFA9C1C6F4D9E0096BB36 /* Main.storyboard in Resources */,
			);
			runOnlyForDeploymentPostprocessing = 0;
		};
/* End PBXResourcesBuildPhase section */

/* Begin PBXSourcesBuildPhase section */
		A70AFA8F1C6F4D9E0096BB36 /* Sources */ = {
			isa = PBXSourcesBuildPhase;
			buildActionMask = 2147483647;
			files = (
				A70AFA991C6F4D9E0096BB36 /* ViewController.swift in Sources */,
				A70AFA971C6F4D9E0096BB36 /* AppDelegate.swift in Sources */,
			);
			runOnlyForDeploymentPostprocessing = 0;
		};
/* End PBXSourcesBuildPhase section */

/* Begin PBXVariantGroup section */
		A70AFA9A1C6F4D9E0096BB36 /* Main.storyboard */ = {
			isa = PBXVariantGroup;
			children = (
				A70AFA9B1C6F4D9E0096BB36 /* Base */,
			);
			name = Main.storyboard;
			sourceTree = "<group>";
		};
		A70AFA9F1C6F4D9E0096BB36 /* LaunchScreen.storyboard */ = {
			isa = PBXVariantGroup;
			children = (
				A70AFAA01C6F4D9E0096BB36 /* Base */,
			);
			name = LaunchScreen.storyboard;
			sourceTree = "<group>";
		};
/* End PBXVariantGroup section */

/* Begin XCBuildConfiguration section */
		A70AFAA31C6F4D9E0096BB36 /* Debug */ = {
			isa = XCBuildConfiguration;
			buildSettings = {
				ALWAYS_SEARCH_USER_PATHS = NO;
				CLANG_CXX_LANGUAGE_STANDARD = "gnu++0x";
				CLANG_CXX_LIBRARY = "libc++";
				CLANG_ENABLE_MODULES = YES;
				CLANG_ENABLE_OBJC_ARC = YES;
				CLANG_WARN_BOOL_CONVERSION = YES;
				CLANG_WARN_CONSTANT_CONVERSION = YES;
				CLANG_WARN_DIRECT_OBJC_ISA_USAGE = YES_ERROR;
				CLANG_WARN_EMPTY_BODY = YES;
				CLANG_WARN_ENUM_CONVERSION = YES;
				CLANG_WARN_INT_CONVERSION = YES;
				CLANG_WARN_OBJC_ROOT_CLASS = YES_ERROR;
				CLANG_WARN_UNREACHABLE_CODE = YES;
				CLANG_WARN__DUPLICATE_METHOD_MATCH = YES;
				"CODE_SIGN_IDENTITY[sdk=iphoneos*]" = "iPhone Developer";
				COPY_PHASE_STRIP = NO;
				DEBUG_INFORMATION_FORMAT = dwarf;
				ENABLE_STRICT_OBJC_MSGSEND = YES;
				ENABLE_TESTABILITY = YES;
				GCC_C_LANGUAGE_STANDARD = gnu99;
				GCC_DYNAMIC_NO_PIC = NO;
				GCC_NO_COMMON_BLOCKS = YES;
				GCC_OPTIMIZATION_LEVEL = 0;
				GCC_PREPROCESSOR_DEFINITIONS = (
					"DEBUG=1",
					"$(inherited)",
				);
				GCC_WARN_64_TO_32_BIT_CONVERSION = YES;
				GCC_WARN_ABOUT_RETURN_TYPE = YES_ERROR;
				GCC_WARN_UNDECLARED_SELECTOR = YES;
				GCC_WARN_UNINITIALIZED_AUTOS = YES_AGGRESSIVE;
				GCC_WARN_UNUSED_FUNCTION = YES;
				GCC_WARN_UNUSED_VARIABLE = YES;
				IPHONEOS_DEPLOYMENT_TARGET = 9.2;
				MTL_ENABLE_DEBUG_INFO = YES;
				ONLY_ACTIVE_ARCH = YES;
				SDKROOT = iphoneos;
				SWIFT_OPTIMIZATION_LEVEL = "-Onone";
			};
			name = Debug;
		};
		A70AFAA41C6F4D9E0096BB36 /* Release */ = {
			isa = XCBuildConfiguration;
			buildSettings = {
				ALWAYS_SEARCH_USER_PATHS = NO;
				CLANG_CXX_LANGUAGE_STANDARD = "gnu++0x";
				CLANG_CXX_LIBRARY = "libc++";
				CLANG_ENABLE_MODULES = YES;
				CLANG_ENABLE_OBJC_ARC = YES;
				CLANG_WARN_BOOL_CONVERSION = YES;
				CLANG_WARN_CONSTANT_CONVERSION = YES;
				CLANG_WARN_DIRECT_OBJC_ISA_USAGE = YES_ERROR;
				CLANG_WARN_EMPTY_BODY = YES;
				CLANG_WARN_ENUM_CONVERSION = YES;
				CLANG_WARN_INT_CONVERSION = YES;
				CLANG_WARN_OBJC_ROOT_CLASS = YES_ERROR;
				CLANG_WARN_UNREACHABLE_CODE = YES;
				CLANG_WARN__DUPLICATE_METHOD_MATCH = YES;
				"CODE_SIGN_IDENTITY[sdk=iphoneos*]" = "iPhone Developer";
				COPY_PHASE_STRIP = NO;
				DEBUG_INFORMATION_FORMAT = "dwarf-with-dsym";
				ENABLE_NS_ASSERTIONS = NO;
				ENABLE_STRICT_OBJC_MSGSEND = YES;
				GCC_C_LANGUAGE_STANDARD = gnu99;
				GCC_NO_COMMON_BLOCKS = YES;
				GCC_WARN_64_TO_32_BIT_CONVERSION = YES;
				GCC_WARN_ABOUT_RETURN_TYPE = YES_ERROR;
				GCC_WARN_UNDECLARED_SELECTOR = YES;
				GCC_WARN_UNINITIALIZED_AUTOS = YES_AGGRESSIVE;
				GCC_WARN_UNUSED_FUNCTION = YES;
				GCC_WARN_UNUSED_VARIABLE = YES;
				IPHONEOS_DEPLOYMENT_TARGET = 9.2;
				MTL_ENABLE_DEBUG_INFO = NO;
				SDKROOT = iphoneos;
				VALIDATE_PRODUCT = YES;
			};
			name = Release;
		};
		A70AFAA61C6F4D9E0096BB36 /* Debug */ = {
			isa = XCBuildConfiguration;
			buildSettings = {
				ASSETCATALOG_COMPILER_APPICON_NAME = AppIcon;
				INFOPLIST_FILE = SamplePopup/Info.plist;
				LD_RUNPATH_SEARCH_PATHS = "$(inherited) @executable_path/Frameworks";
				PRODUCT_BUNDLE_IDENTIFIER = "Hobbit-Nova.SamplePopup";
				PRODUCT_NAME = "$(TARGET_NAME)";
			};
			name = Debug;
		};
		A70AFAA71C6F4D9E0096BB36 /* Release */ = {
			isa = XCBuildConfiguration;
			buildSettings = {
				ASSETCATALOG_COMPILER_APPICON_NAME = AppIcon;
				INFOPLIST_FILE = SamplePopup/Info.plist;
				LD_RUNPATH_SEARCH_PATHS = "$(inherited) @executable_path/Frameworks";
				PRODUCT_BUNDLE_IDENTIFIER = "Hobbit-Nova.SamplePopup";
				PRODUCT_NAME = "$(TARGET_NAME)";
			};
			name = Release;
		};
/* End XCBuildConfiguration section */

/* Begin XCConfigurationList section */
		A70AFA8E1C6F4D9E0096BB36 /* Build configuration list for PBXProject "SamplePopup" */ = {
			isa = XCConfigurationList;
			buildConfigurations = (
				A70AFAA31C6F4D9E0096BB36 /* Debug */,
				A70AFAA41C6F4D9E0096BB36 /* Release */,
			);
			defaultConfigurationIsVisible = 0;
			defaultConfigurationName = Release;
		};
		A70AFAA51C6F4D9E0096BB36 /* Build configuration list for PBXNativeTarget "SamplePopup" */ = {
			isa = XCConfigurationList;
			buildConfigurations = (
				A70AFAA61C6F4D9E0096BB36 /* Debug */,
				A70AFAA71C6F4D9E0096BB36 /* Release */,
			);
			defaultConfigurationIsVisible = 0;
		};
/* End XCConfigurationList section */
	};
	rootObject = A70AFA8B1C6F4D9E0096BB36 /* Project object */;
}
